// !$*UTF8*$!
{
	archiveVersion = 1;
	classes = {
	};
	objectVersion = 51;
	objects = {

/* Begin PBXBuildFile section */
		29CF67C9E0A2E8502526C90F /* Pods_GitHubSampleProject_GitHubSampleProjectUITests.framework in Frameworks */ = {isa = PBXBuildFile; fileRef = F9922DAB4BB8C86851A74254 /* Pods_GitHubSampleProject_GitHubSampleProjectUITests.framework */; };
		8047463AEE61C2CC71A08768 /* Pods_GitHubSampleProject.framework in Frameworks */ = {isa = PBXBuildFile; fileRef = 95D13B2A6EB06BBA1305C95B /* Pods_GitHubSampleProject.framework */; };
		CD9A83D95660EDFC9BB52D6E /* Pods_GitHubSampleProjectTests.framework in Frameworks */ = {isa = PBXBuildFile; fileRef = D8D059782ADF24867B6C3F4C /* Pods_GitHubSampleProjectTests.framework */; };
		E533070923D6453400E9F49F /* AppDelegate.swift in Sources */ = {isa = PBXBuildFile; fileRef = E533070823D6453400E9F49F /* AppDelegate.swift */; };
		E533070B23D6453400E9F49F /* SceneDelegate.swift in Sources */ = {isa = PBXBuildFile; fileRef = E533070A23D6453400E9F49F /* SceneDelegate.swift */; };
		E533070D23D6453400E9F49F /* LoginViewController.swift in Sources */ = {isa = PBXBuildFile; fileRef = E533070C23D6453400E9F49F /* LoginViewController.swift */; };
		E533071023D6453400E9F49F /* Main.storyboard in Resources */ = {isa = PBXBuildFile; fileRef = E533070E23D6453400E9F49F /* Main.storyboard */; };
		E533071223D6453600E9F49F /* Assets.xcassets in Resources */ = {isa = PBXBuildFile; fileRef = E533071123D6453600E9F49F /* Assets.xcassets */; };
		E533071523D6453600E9F49F /* LaunchScreen.storyboard in Resources */ = {isa = PBXBuildFile; fileRef = E533071323D6453600E9F49F /* LaunchScreen.storyboard */; };
		E533072023D6453600E9F49F /* GitHubSampleProjectTests.swift in Sources */ = {isa = PBXBuildFile; fileRef = E533071F23D6453600E9F49F /* GitHubSampleProjectTests.swift */; };
		E533072B23D6453600E9F49F /* GitHubSampleProjectUITests.swift in Sources */ = {isa = PBXBuildFile; fileRef = E533072A23D6453600E9F49F /* GitHubSampleProjectUITests.swift */; };
		E573E03A23D8A459007146D1 /* MainUserDataModel.swift in Sources */ = {isa = PBXBuildFile; fileRef = E573E03923D8A459007146D1 /* MainUserDataModel.swift */; };
		E573E03E23D8A5CC007146D1 /* FeedViewController.swift in Sources */ = {isa = PBXBuildFile; fileRef = E573E03D23D8A5CC007146D1 /* FeedViewController.swift */; };
		E573E04023D8AAEA007146D1 /* KeyChainService.swift in Sources */ = {isa = PBXBuildFile; fileRef = E573E03F23D8AAEA007146D1 /* KeyChainService.swift */; };
		E58B6C0323D79EF000002B1A /* GitHubAPIs.swift in Sources */ = {isa = PBXBuildFile; fileRef = E58B6C0223D79EF000002B1A /* GitHubAPIs.swift */; };
		E5A412F923D9A13800CC2B04 /* MainEventsModel.swift in Sources */ = {isa = PBXBuildFile; fileRef = E5A412F823D9A13800CC2B04 /* MainEventsModel.swift */; };
		E5D5ED8A23D88A5000E606AD /* UIViewControllerExtensions.swift in Sources */ = {isa = PBXBuildFile; fileRef = E5D5ED8923D88A5000E606AD /* UIViewControllerExtensions.swift */; };
/* End PBXBuildFile section */

/* Begin PBXContainerItemProxy section */
		E533071C23D6453600E9F49F /* PBXContainerItemProxy */ = {
			isa = PBXContainerItemProxy;
			containerPortal = E53306FD23D6453400E9F49F /* Project object */;
			proxyType = 1;
			remoteGlobalIDString = E533070423D6453400E9F49F;
			remoteInfo = GitHubSampleProject;
		};
		E533072723D6453600E9F49F /* PBXContainerItemProxy */ = {
			isa = PBXContainerItemProxy;
			containerPortal = E53306FD23D6453400E9F49F /* Project object */;
			proxyType = 1;
			remoteGlobalIDString = E533070423D6453400E9F49F;
			remoteInfo = GitHubSampleProject;
		};
/* End PBXContainerItemProxy section */

/* Begin PBXFileReference section */
		136C2DB706E1BBA7751F9107 /* Pods-GitHubSampleProject-GitHubSampleProjectUITests.debug.xcconfig */ = {isa = PBXFileReference; includeInIndex = 1; lastKnownFileType = text.xcconfig; name = "Pods-GitHubSampleProject-GitHubSampleProjectUITests.debug.xcconfig"; path = "Target Support Files/Pods-GitHubSampleProject-GitHubSampleProjectUITests/Pods-GitHubSampleProject-GitHubSampleProjectUITests.debug.xcconfig"; sourceTree = "<group>"; };
		1919E50F81CB307E1733F6C1 /* Pods-GitHubSampleProject.release.xcconfig */ = {isa = PBXFileReference; includeInIndex = 1; lastKnownFileType = text.xcconfig; name = "Pods-GitHubSampleProject.release.xcconfig"; path = "Target Support Files/Pods-GitHubSampleProject/Pods-GitHubSampleProject.release.xcconfig"; sourceTree = "<group>"; };
		41E93A34FA2D484D4BDB9A8C /* Pods-GitHubSampleProject.debug.xcconfig */ = {isa = PBXFileReference; includeInIndex = 1; lastKnownFileType = text.xcconfig; name = "Pods-GitHubSampleProject.debug.xcconfig"; path = "Target Support Files/Pods-GitHubSampleProject/Pods-GitHubSampleProject.debug.xcconfig"; sourceTree = "<group>"; };
		63BF21036D44DCD0FE7B315B /* Pods-GitHubSampleProjectTests.release.xcconfig */ = {isa = PBXFileReference; includeInIndex = 1; lastKnownFileType = text.xcconfig; name = "Pods-GitHubSampleProjectTests.release.xcconfig"; path = "Target Support Files/Pods-GitHubSampleProjectTests/Pods-GitHubSampleProjectTests.release.xcconfig"; sourceTree = "<group>"; };
		95D13B2A6EB06BBA1305C95B /* Pods_GitHubSampleProject.framework */ = {isa = PBXFileReference; explicitFileType = wrapper.framework; includeInIndex = 0; path = Pods_GitHubSampleProject.framework; sourceTree = BUILT_PRODUCTS_DIR; };
		C50716897C89237234E09F70 /* Pods-GitHubSampleProject-GitHubSampleProjectUITests.release.xcconfig */ = {isa = PBXFileReference; includeInIndex = 1; lastKnownFileType = text.xcconfig; name = "Pods-GitHubSampleProject-GitHubSampleProjectUITests.release.xcconfig"; path = "Target Support Files/Pods-GitHubSampleProject-GitHubSampleProjectUITests/Pods-GitHubSampleProject-GitHubSampleProjectUITests.release.xcconfig"; sourceTree = "<group>"; };
		D8D059782ADF24867B6C3F4C /* Pods_GitHubSampleProjectTests.framework */ = {isa = PBXFileReference; explicitFileType = wrapper.framework; includeInIndex = 0; path = Pods_GitHubSampleProjectTests.framework; sourceTree = BUILT_PRODUCTS_DIR; };
		E533070523D6453400E9F49F /* GitHubSampleProject.app */ = {isa = PBXFileReference; explicitFileType = wrapper.application; includeInIndex = 0; path = GitHubSampleProject.app; sourceTree = BUILT_PRODUCTS_DIR; };
		E533070823D6453400E9F49F /* AppDelegate.swift */ = {isa = PBXFileReference; lastKnownFileType = sourcecode.swift; path = AppDelegate.swift; sourceTree = "<group>"; };
		E533070A23D6453400E9F49F /* SceneDelegate.swift */ = {isa = PBXFileReference; lastKnownFileType = sourcecode.swift; path = SceneDelegate.swift; sourceTree = "<group>"; };
		E533070C23D6453400E9F49F /* LoginViewController.swift */ = {isa = PBXFileReference; lastKnownFileType = sourcecode.swift; path = LoginViewController.swift; sourceTree = "<group>"; };
		E533070F23D6453400E9F49F /* Base */ = {isa = PBXFileReference; lastKnownFileType = file.storyboard; name = Base; path = Base.lproj/Main.storyboard; sourceTree = "<group>"; };
		E533071123D6453600E9F49F /* Assets.xcassets */ = {isa = PBXFileReference; lastKnownFileType = folder.assetcatalog; path = Assets.xcassets; sourceTree = "<group>"; };
		E533071423D6453600E9F49F /* Base */ = {isa = PBXFileReference; lastKnownFileType = file.storyboard; name = Base; path = Base.lproj/LaunchScreen.storyboard; sourceTree = "<group>"; };
		E533071623D6453600E9F49F /* Info.plist */ = {isa = PBXFileReference; lastKnownFileType = text.plist.xml; path = Info.plist; sourceTree = "<group>"; };
		E533071B23D6453600E9F49F /* GitHubSampleProjectTests.xctest */ = {isa = PBXFileReference; explicitFileType = wrapper.cfbundle; includeInIndex = 0; path = GitHubSampleProjectTests.xctest; sourceTree = BUILT_PRODUCTS_DIR; };
		E533071F23D6453600E9F49F /* GitHubSampleProjectTests.swift */ = {isa = PBXFileReference; lastKnownFileType = sourcecode.swift; path = GitHubSampleProjectTests.swift; sourceTree = "<group>"; };
		E533072123D6453600E9F49F /* Info.plist */ = {isa = PBXFileReference; lastKnownFileType = text.plist.xml; path = Info.plist; sourceTree = "<group>"; };
		E533072623D6453600E9F49F /* GitHubSampleProjectUITests.xctest */ = {isa = PBXFileReference; explicitFileType = wrapper.cfbundle; includeInIndex = 0; path = GitHubSampleProjectUITests.xctest; sourceTree = BUILT_PRODUCTS_DIR; };
		E533072A23D6453600E9F49F /* GitHubSampleProjectUITests.swift */ = {isa = PBXFileReference; lastKnownFileType = sourcecode.swift; path = GitHubSampleProjectUITests.swift; sourceTree = "<group>"; };
		E533072C23D6453600E9F49F /* Info.plist */ = {isa = PBXFileReference; lastKnownFileType = text.plist.xml; path = Info.plist; sourceTree = "<group>"; };
		E573E03923D8A459007146D1 /* MainUserDataModel.swift */ = {isa = PBXFileReference; lastKnownFileType = sourcecode.swift; path = MainUserDataModel.swift; sourceTree = "<group>"; };
		E573E03D23D8A5CC007146D1 /* FeedViewController.swift */ = {isa = PBXFileReference; lastKnownFileType = sourcecode.swift; path = FeedViewController.swift; sourceTree = "<group>"; };
		E573E03F23D8AAEA007146D1 /* KeyChainService.swift */ = {isa = PBXFileReference; lastKnownFileType = sourcecode.swift; path = KeyChainService.swift; sourceTree = "<group>"; };
		E58B6C0223D79EF000002B1A /* GitHubAPIs.swift */ = {isa = PBXFileReference; lastKnownFileType = sourcecode.swift; path = GitHubAPIs.swift; sourceTree = "<group>"; };
		E5A412F823D9A13800CC2B04 /* MainEventsModel.swift */ = {isa = PBXFileReference; lastKnownFileType = sourcecode.swift; path = MainEventsModel.swift; sourceTree = "<group>"; };
		E5D5ED8923D88A5000E606AD /* UIViewControllerExtensions.swift */ = {isa = PBXFileReference; lastKnownFileType = sourcecode.swift; path = UIViewControllerExtensions.swift; sourceTree = "<group>"; };
		E94014A4EA80F9BBFE5FB73E /* Pods-GitHubSampleProjectTests.debug.xcconfig */ = {isa = PBXFileReference; includeInIndex = 1; lastKnownFileType = text.xcconfig; name = "Pods-GitHubSampleProjectTests.debug.xcconfig"; path = "Target Support Files/Pods-GitHubSampleProjectTests/Pods-GitHubSampleProjectTests.debug.xcconfig"; sourceTree = "<group>"; };
		F9922DAB4BB8C86851A74254 /* Pods_GitHubSampleProject_GitHubSampleProjectUITests.framework */ = {isa = PBXFileReference; explicitFileType = wrapper.framework; includeInIndex = 0; path = Pods_GitHubSampleProject_GitHubSampleProjectUITests.framework; sourceTree = BUILT_PRODUCTS_DIR; };
/* End PBXFileReference section */

/* Begin PBXFrameworksBuildPhase section */
		E533070223D6453400E9F49F /* Frameworks */ = {
			isa = PBXFrameworksBuildPhase;
			buildActionMask = 2147483647;
			files = (
				8047463AEE61C2CC71A08768 /* Pods_GitHubSampleProject.framework in Frameworks */,
			);
			runOnlyForDeploymentPostprocessing = 0;
		};
		E533071823D6453600E9F49F /* Frameworks */ = {
			isa = PBXFrameworksBuildPhase;
			buildActionMask = 2147483647;
			files = (
				CD9A83D95660EDFC9BB52D6E /* Pods_GitHubSampleProjectTests.framework in Frameworks */,
			);
			runOnlyForDeploymentPostprocessing = 0;
		};
		E533072323D6453600E9F49F /* Frameworks */ = {
			isa = PBXFrameworksBuildPhase;
			buildActionMask = 2147483647;
			files = (
				29CF67C9E0A2E8502526C90F /* Pods_GitHubSampleProject_GitHubSampleProjectUITests.framework in Frameworks */,
			);
			runOnlyForDeploymentPostprocessing = 0;
		};
/* End PBXFrameworksBuildPhase section */

/* Begin PBXGroup section */
		20E36FE9566E38514219C3BA /* Frameworks */ = {
			isa = PBXGroup;
			children = (
				95D13B2A6EB06BBA1305C95B /* Pods_GitHubSampleProject.framework */,
				F9922DAB4BB8C86851A74254 /* Pods_GitHubSampleProject_GitHubSampleProjectUITests.framework */,
				D8D059782ADF24867B6C3F4C /* Pods_GitHubSampleProjectTests.framework */,
			);
			name = Frameworks;
			sourceTree = "<group>";
		};
		E53306FC23D6453400E9F49F = {
			isa = PBXGroup;
			children = (
				E533070723D6453400E9F49F /* GitHubSampleProject */,
				E533071E23D6453600E9F49F /* GitHubSampleProjectTests */,
				E533072923D6453600E9F49F /* GitHubSampleProjectUITests */,
				E533070623D6453400E9F49F /* Products */,
				F67319947F328EAB76EB47D5 /* Pods */,
				20E36FE9566E38514219C3BA /* Frameworks */,
			);
			sourceTree = "<group>";
		};
		E533070623D6453400E9F49F /* Products */ = {
			isa = PBXGroup;
			children = (
				E533070523D6453400E9F49F /* GitHubSampleProject.app */,
				E533071B23D6453600E9F49F /* GitHubSampleProjectTests.xctest */,
				E533072623D6453600E9F49F /* GitHubSampleProjectUITests.xctest */,
			);
			name = Products;
			sourceTree = "<group>";
		};
		E533070723D6453400E9F49F /* GitHubSampleProject */ = {
			isa = PBXGroup;
			children = (
				E58B6C0023D7895D00002B1A /* Model */,
				E58B6BFF23D7895A00002B1A /* View */,
				E58B6BFE23D7895700002B1A /* Controller */,
				E58B6C0123D79EC200002B1A /* Networking */,
				E58B6BFD23D7895300002B1A /* utilities */,
				E5A412F723D992D700CC2B04 /* Extensions */,
				E533071623D6453600E9F49F /* Info.plist */,
			);
			path = GitHubSampleProject;
			sourceTree = "<group>";
		};
		E533071E23D6453600E9F49F /* GitHubSampleProjectTests */ = {
			isa = PBXGroup;
			children = (
				E533071F23D6453600E9F49F /* GitHubSampleProjectTests.swift */,
				E533072123D6453600E9F49F /* Info.plist */,
			);
			path = GitHubSampleProjectTests;
			sourceTree = "<group>";
		};
		E533072923D6453600E9F49F /* GitHubSampleProjectUITests */ = {
			isa = PBXGroup;
			children = (
				E533072A23D6453600E9F49F /* GitHubSampleProjectUITests.swift */,
				E533072C23D6453600E9F49F /* Info.plist */,
			);
			path = GitHubSampleProjectUITests;
			sourceTree = "<group>";
		};
		E58B6BFD23D7895300002B1A /* utilities */ = {
			isa = PBXGroup;
			children = (
				E533071123D6453600E9F49F /* Assets.xcassets */,
				E533070823D6453400E9F49F /* AppDelegate.swift */,
				E533070A23D6453400E9F49F /* SceneDelegate.swift */,
				E573E03F23D8AAEA007146D1 /* KeyChainService.swift */,
			);
			path = utilities;
			sourceTree = "<group>";
		};
		E58B6BFE23D7895700002B1A /* Controller */ = {
			isa = PBXGroup;
			children = (
				E533070C23D6453400E9F49F /* LoginViewController.swift */,
				E573E03D23D8A5CC007146D1 /* FeedViewController.swift */,
			);
			path = Controller;
			sourceTree = "<group>";
		};
		E58B6BFF23D7895A00002B1A /* View */ = {
			isa = PBXGroup;
			children = (
				E533071323D6453600E9F49F /* LaunchScreen.storyboard */,
				E533070E23D6453400E9F49F /* Main.storyboard */,
			);
			path = View;
			sourceTree = "<group>";
		};
		E58B6C0023D7895D00002B1A /* Model */ = {
			isa = PBXGroup;
			children = (
				E573E03923D8A459007146D1 /* MainUserDataModel.swift */,
				E5A412F823D9A13800CC2B04 /* MainEventsModel.swift */,
			);
			path = Model;
			sourceTree = "<group>";
		};
		E58B6C0123D79EC200002B1A /* Networking */ = {
			isa = PBXGroup;
			children = (
				E58B6C0223D79EF000002B1A /* GitHubAPIs.swift */,
			);
			path = Networking;
			sourceTree = "<group>";
		};
		E5A412F723D992D700CC2B04 /* Extensions */ = {
			isa = PBXGroup;
			children = (
				E5D5ED8923D88A5000E606AD /* UIViewControllerExtensions.swift */,
			);
			path = Extensions;
			sourceTree = "<group>";
		};
		F67319947F328EAB76EB47D5 /* Pods */ = {
			isa = PBXGroup;
			children = (
				41E93A34FA2D484D4BDB9A8C /* Pods-GitHubSampleProject.debug.xcconfig */,
				1919E50F81CB307E1733F6C1 /* Pods-GitHubSampleProject.release.xcconfig */,
				136C2DB706E1BBA7751F9107 /* Pods-GitHubSampleProject-GitHubSampleProjectUITests.debug.xcconfig */,
				C50716897C89237234E09F70 /* Pods-GitHubSampleProject-GitHubSampleProjectUITests.release.xcconfig */,
				E94014A4EA80F9BBFE5FB73E /* Pods-GitHubSampleProjectTests.debug.xcconfig */,
				63BF21036D44DCD0FE7B315B /* Pods-GitHubSampleProjectTests.release.xcconfig */,
			);
			path = Pods;
			sourceTree = "<group>";
		};
/* End PBXGroup section */

/* Begin PBXNativeTarget section */
		E533070423D6453400E9F49F /* GitHubSampleProject */ = {
			isa = PBXNativeTarget;
			buildConfigurationList = E533072F23D6453600E9F49F /* Build configuration list for PBXNativeTarget "GitHubSampleProject" */;
			buildPhases = (
				0832D84A7448FB06DF287F03 /* [CP] Check Pods Manifest.lock */,
				E533070123D6453400E9F49F /* Sources */,
				E533070223D6453400E9F49F /* Frameworks */,
				E533070323D6453400E9F49F /* Resources */,
				7D7764388C119CCB33DA26DB /* [CP] Embed Pods Frameworks */,
			);
			buildRules = (
			);
			dependencies = (
			);
			name = GitHubSampleProject;
			productName = GitHubSampleProject;
			productReference = E533070523D6453400E9F49F /* GitHubSampleProject.app */;
			productType = "com.apple.product-type.application";
		};
		E533071A23D6453600E9F49F /* GitHubSampleProjectTests */ = {
			isa = PBXNativeTarget;
			buildConfigurationList = E533073223D6453600E9F49F /* Build configuration list for PBXNativeTarget "GitHubSampleProjectTests" */;
			buildPhases = (
				58DEF95F9480CF76AD9D1539 /* [CP] Check Pods Manifest.lock */,
				E533071723D6453600E9F49F /* Sources */,
				E533071823D6453600E9F49F /* Frameworks */,
				E533071923D6453600E9F49F /* Resources */,
			);
			buildRules = (
			);
			dependencies = (
				E533071D23D6453600E9F49F /* PBXTargetDependency */,
			);
			name = GitHubSampleProjectTests;
			productName = GitHubSampleProjectTests;
			productReference = E533071B23D6453600E9F49F /* GitHubSampleProjectTests.xctest */;
			productType = "com.apple.product-type.bundle.unit-test";
		};
		E533072523D6453600E9F49F /* GitHubSampleProjectUITests */ = {
			isa = PBXNativeTarget;
			buildConfigurationList = E533073523D6453600E9F49F /* Build configuration list for PBXNativeTarget "GitHubSampleProjectUITests" */;
			buildPhases = (
				F9D3037D20734D54EB062F89 /* [CP] Check Pods Manifest.lock */,
				E533072223D6453600E9F49F /* Sources */,
				E533072323D6453600E9F49F /* Frameworks */,
				E533072423D6453600E9F49F /* Resources */,
				11AECEE217622FC58001A4BA /* [CP] Embed Pods Frameworks */,
			);
			buildRules = (
			);
			dependencies = (
				E533072823D6453600E9F49F /* PBXTargetDependency */,
			);
			name = GitHubSampleProjectUITests;
			productName = GitHubSampleProjectUITests;
			productReference = E533072623D6453600E9F49F /* GitHubSampleProjectUITests.xctest */;
			productType = "com.apple.product-type.bundle.ui-testing";
		};
/* End PBXNativeTarget section */

/* Begin PBXProject section */
		E53306FD23D6453400E9F49F /* Project object */ = {
			isa = PBXProject;
			attributes = {
				LastSwiftUpdateCheck = 1130;
				LastUpgradeCheck = 1130;
				ORGANIZATIONNAME = Khaleel;
				TargetAttributes = {
					E533070423D6453400E9F49F = {
						CreatedOnToolsVersion = 11.3.1;
					};
					E533071A23D6453600E9F49F = {
						CreatedOnToolsVersion = 11.3.1;
						TestTargetID = E533070423D6453400E9F49F;
					};
					E533072523D6453600E9F49F = {
						CreatedOnToolsVersion = 11.3.1;
						TestTargetID = E533070423D6453400E9F49F;
					};
				};
			};
			buildConfigurationList = E533070023D6453400E9F49F /* Build configuration list for PBXProject "GitHubSampleProject" */;
			compatibilityVersion = "Xcode 9.3";
			developmentRegion = en;
			hasScannedForEncodings = 0;
			knownRegions = (
				en,
				Base,
			);
			mainGroup = E53306FC23D6453400E9F49F;
			productRefGroup = E533070623D6453400E9F49F /* Products */;
			projectDirPath = "";
			projectRoot = "";
			targets = (
				E533070423D6453400E9F49F /* GitHubSampleProject */,
				E533071A23D6453600E9F49F /* GitHubSampleProjectTests */,
				E533072523D6453600E9F49F /* GitHubSampleProjectUITests */,
			);
		};
/* End PBXProject section */

/* Begin PBXResourcesBuildPhase section */
		E533070323D6453400E9F49F /* Resources */ = {
			isa = PBXResourcesBuildPhase;
			buildActionMask = 2147483647;
			files = (
				E533071523D6453600E9F49F /* LaunchScreen.storyboard in Resources */,
				E533071223D6453600E9F49F /* Assets.xcassets in Resources */,
				E533071023D6453400E9F49F /* Main.storyboard in Resources */,
			);
			runOnlyForDeploymentPostprocessing = 0;
		};
		E533071923D6453600E9F49F /* Resources */ = {
			isa = PBXResourcesBuildPhase;
			buildActionMask = 2147483647;
			files = (
			);
			runOnlyForDeploymentPostprocessing = 0;
		};
		E533072423D6453600E9F49F /* Resources */ = {
			isa = PBXResourcesBuildPhase;
			buildActionMask = 2147483647;
			files = (
			);
			runOnlyForDeploymentPostprocessing = 0;
		};
/* End PBXResourcesBuildPhase section */

/* Begin PBXShellScriptBuildPhase section */
		0832D84A7448FB06DF287F03 /* [CP] Check Pods Manifest.lock */ = {
			isa = PBXShellScriptBuildPhase;
			buildActionMask = 2147483647;
			files = (
			);
			inputFileListPaths = (
			);
			inputPaths = (
				"${PODS_PODFILE_DIR_PATH}/Podfile.lock",
				"${PODS_ROOT}/Manifest.lock",
			);
			name = "[CP] Check Pods Manifest.lock";
			outputFileListPaths = (
			);
			outputPaths = (
				"$(DERIVED_FILE_DIR)/Pods-GitHubSampleProject-checkManifestLockResult.txt",
			);
			runOnlyForDeploymentPostprocessing = 0;
			shellPath = /bin/sh;
			shellScript = "diff \"${PODS_PODFILE_DIR_PATH}/Podfile.lock\" \"${PODS_ROOT}/Manifest.lock\" > /dev/null\nif [ $? != 0 ] ; then\n    # print error to STDERR\n    echo \"error: The sandbox is not in sync with the Podfile.lock. Run 'pod install' or update your CocoaPods installation.\" >&2\n    exit 1\nfi\n# This output is used by Xcode 'outputs' to avoid re-running this script phase.\necho \"SUCCESS\" > \"${SCRIPT_OUTPUT_FILE_0}\"\n";
			showEnvVarsInLog = 0;
		};
		11AECEE217622FC58001A4BA /* [CP] Embed Pods Frameworks */ = {
			isa = PBXShellScriptBuildPhase;
			buildActionMask = 2147483647;
			files = (
			);
			inputFileListPaths = (
				"${PODS_ROOT}/Target Support Files/Pods-GitHubSampleProject-GitHubSampleProjectUITests/Pods-GitHubSampleProject-GitHubSampleProjectUITests-frameworks-${CONFIGURATION}-input-files.xcfilelist",
			);
			name = "[CP] Embed Pods Frameworks";
			outputFileListPaths = (
				"${PODS_ROOT}/Target Support Files/Pods-GitHubSampleProject-GitHubSampleProjectUITests/Pods-GitHubSampleProject-GitHubSampleProjectUITests-frameworks-${CONFIGURATION}-output-files.xcfilelist",
			);
			runOnlyForDeploymentPostprocessing = 0;
			shellPath = /bin/sh;
			shellScript = "\"${PODS_ROOT}/Target Support Files/Pods-GitHubSampleProject-GitHubSampleProjectUITests/Pods-GitHubSampleProject-GitHubSampleProjectUITests-frameworks.sh\"\n";
			showEnvVarsInLog = 0;
		};
		58DEF95F9480CF76AD9D1539 /* [CP] Check Pods Manifest.lock */ = {
			isa = PBXShellScriptBuildPhase;
			buildActionMask = 2147483647;
			files = (
			);
			inputFileListPaths = (
			);
			inputPaths = (
				"${PODS_PODFILE_DIR_PATH}/Podfile.lock",
				"${PODS_ROOT}/Manifest.lock",
			);
			name = "[CP] Check Pods Manifest.lock";
			outputFileListPaths = (
			);
			outputPaths = (
				"$(DERIVED_FILE_DIR)/Pods-GitHubSampleProjectTests-checkManifestLockResult.txt",
			);
			runOnlyForDeploymentPostprocessing = 0;
			shellPath = /bin/sh;
			shellScript = "diff \"${PODS_PODFILE_DIR_PATH}/Podfile.lock\" \"${PODS_ROOT}/Manifest.lock\" > /dev/null\nif [ $? != 0 ] ; then\n    # print error to STDERR\n    echo \"error: The sandbox is not in sync with the Podfile.lock. Run 'pod install' or update your CocoaPods installation.\" >&2\n    exit 1\nfi\n# This output is used by Xcode 'outputs' to avoid re-running this script phase.\necho \"SUCCESS\" > \"${SCRIPT_OUTPUT_FILE_0}\"\n";
			showEnvVarsInLog = 0;
		};
		7D7764388C119CCB33DA26DB /* [CP] Embed Pods Frameworks */ = {
			isa = PBXShellScriptBuildPhase;
			buildActionMask = 2147483647;
			files = (
			);
			inputFileListPaths = (
				"${PODS_ROOT}/Target Support Files/Pods-GitHubSampleProject/Pods-GitHubSampleProject-frameworks-${CONFIGURATION}-input-files.xcfilelist",
			);
			name = "[CP] Embed Pods Frameworks";
			outputFileListPaths = (
				"${PODS_ROOT}/Target Support Files/Pods-GitHubSampleProject/Pods-GitHubSampleProject-frameworks-${CONFIGURATION}-output-files.xcfilelist",
			);
			runOnlyForDeploymentPostprocessing = 0;
			shellPath = /bin/sh;
			shellScript = "\"${PODS_ROOT}/Target Support Files/Pods-GitHubSampleProject/Pods-GitHubSampleProject-frameworks.sh\"\n";
			showEnvVarsInLog = 0;
		};
		F9D3037D20734D54EB062F89 /* [CP] Check Pods Manifest.lock */ = {
			isa = PBXShellScriptBuildPhase;
			buildActionMask = 2147483647;
			files = (
			);
			inputFileListPaths = (
			);
			inputPaths = (
				"${PODS_PODFILE_DIR_PATH}/Podfile.lock",
				"${PODS_ROOT}/Manifest.lock",
			);
			name = "[CP] Check Pods Manifest.lock";
			outputFileListPaths = (
			);
			outputPaths = (
				"$(DERIVED_FILE_DIR)/Pods-GitHubSampleProject-GitHubSampleProjectUITests-checkManifestLockResult.txt",
			);
			runOnlyForDeploymentPostprocessing = 0;
			shellPath = /bin/sh;
			shellScript = "diff \"${PODS_PODFILE_DIR_PATH}/Podfile.lock\" \"${PODS_ROOT}/Manifest.lock\" > /dev/null\nif [ $? != 0 ] ; then\n    # print error to STDERR\n    echo \"error: The sandbox is not in sync with the Podfile.lock. Run 'pod install' or update your CocoaPods installation.\" >&2\n    exit 1\nfi\n# This output is used by Xcode 'outputs' to avoid re-running this script phase.\necho \"SUCCESS\" > \"${SCRIPT_OUTPUT_FILE_0}\"\n";
			showEnvVarsInLog = 0;
		};
/* End PBXShellScriptBuildPhase section */

/* Begin PBXSourcesBuildPhase section */
		E533070123D6453400E9F49F /* Sources */ = {
			isa = PBXSourcesBuildPhase;
			buildActionMask = 2147483647;
			files = (
				E533070D23D6453400E9F49F /* LoginViewController.swift in Sources */,
				E533070923D6453400E9F49F /* AppDelegate.swift in Sources */,
				E5D5ED8A23D88A5000E606AD /* UIViewControllerExtensions.swift in Sources */,
				E533070B23D6453400E9F49F /* SceneDelegate.swift in Sources */,
				E58B6C0323D79EF000002B1A /* GitHubAPIs.swift in Sources */,
				E573E04023D8AAEA007146D1 /* KeyChainService.swift in Sources */,
				E5A412F923D9A13800CC2B04 /* MainEventsModel.swift in Sources */,
				E573E03A23D8A459007146D1 /* MainUserDataModel.swift in Sources */,
				E573E03E23D8A5CC007146D1 /* FeedViewController.swift in Sources */,
			);
			runOnlyForDeploymentPostprocessing = 0;
		};
		E533071723D6453600E9F49F /* Sources */ = {
			isa = PBXSourcesBuildPhase;
			buildActionMask = 2147483647;
			files = (
				E533072023D6453600E9F49F /* GitHubSampleProjectTests.swift in Sources */,
			);
			runOnlyForDeploymentPostprocessing = 0;
		};
		E533072223D6453600E9F49F /* Sources */ = {
			isa = PBXSourcesBuildPhase;
			buildActionMask = 2147483647;
			files = (
				E533072B23D6453600E9F49F /* GitHubSampleProjectUITests.swift in Sources */,
			);
			runOnlyForDeploymentPostprocessing = 0;
		};
/* End PBXSourcesBuildPhase section */

/* Begin PBXTargetDependency section */
		E533071D23D6453600E9F49F /* PBXTargetDependency */ = {
			isa = PBXTargetDependency;
			target = E533070423D6453400E9F49F /* GitHubSampleProject */;
			targetProxy = E533071C23D6453600E9F49F /* PBXContainerItemProxy */;
		};
		E533072823D6453600E9F49F /* PBXTargetDependency */ = {
			isa = PBXTargetDependency;
			target = E533070423D6453400E9F49F /* GitHubSampleProject */;
			targetProxy = E533072723D6453600E9F49F /* PBXContainerItemProxy */;
		};
/* End PBXTargetDependency section */

/* Begin PBXVariantGroup section */
		E533070E23D6453400E9F49F /* Main.storyboard */ = {
			isa = PBXVariantGroup;
			children = (
				E533070F23D6453400E9F49F /* Base */,
			);
			name = Main.storyboard;
			sourceTree = "<group>";
		};
		E533071323D6453600E9F49F /* LaunchScreen.storyboard */ = {
			isa = PBXVariantGroup;
			children = (
				E533071423D6453600E9F49F /* Base */,
			);
			name = LaunchScreen.storyboard;
			sourceTree = "<group>";
		};
/* End PBXVariantGroup section */

/* Begin XCBuildConfiguration section */
		E533072D23D6453600E9F49F /* Debug */ = {
			isa = XCBuildConfiguration;
			buildSettings = {
				ALWAYS_SEARCH_USER_PATHS = NO;
				CLANG_ANALYZER_NONNULL = YES;
				CLANG_ANALYZER_NUMBER_OBJECT_CONVERSION = YES_AGGRESSIVE;
				CLANG_CXX_LANGUAGE_STANDARD = "gnu++14";
				CLANG_CXX_LIBRARY = "libc++";
				CLANG_ENABLE_MODULES = YES;
				CLANG_ENABLE_OBJC_ARC = YES;
				CLANG_ENABLE_OBJC_WEAK = YES;
				CLANG_WARN_BLOCK_CAPTURE_AUTORELEASING = YES;
				CLANG_WARN_BOOL_CONVERSION = YES;
				CLANG_WARN_COMMA = YES;
				CLANG_WARN_CONSTANT_CONVERSION = YES;
				CLANG_WARN_DEPRECATED_OBJC_IMPLEMENTATIONS = YES;
				CLANG_WARN_DIRECT_OBJC_ISA_USAGE = YES_ERROR;
				CLANG_WARN_DOCUMENTATION_COMMENTS = YES;
				CLANG_WARN_EMPTY_BODY = YES;
				CLANG_WARN_ENUM_CONVERSION = YES;
				CLANG_WARN_INFINITE_RECURSION = YES;
				CLANG_WARN_INT_CONVERSION = YES;
				CLANG_WARN_NON_LITERAL_NULL_CONVERSION = YES;
				CLANG_WARN_OBJC_IMPLICIT_RETAIN_SELF = YES;
				CLANG_WARN_OBJC_LITERAL_CONVERSION = YES;
				CLANG_WARN_OBJC_ROOT_CLASS = YES_ERROR;
				CLANG_WARN_RANGE_LOOP_ANALYSIS = YES;
				CLANG_WARN_STRICT_PROTOTYPES = YES;
				CLANG_WARN_SUSPICIOUS_MOVE = YES;
				CLANG_WARN_UNGUARDED_AVAILABILITY = YES_AGGRESSIVE;
				CLANG_WARN_UNREACHABLE_CODE = YES;
				CLANG_WARN__DUPLICATE_METHOD_MATCH = YES;
				COPY_PHASE_STRIP = NO;
				DEBUG_INFORMATION_FORMAT = dwarf;
				ENABLE_STRICT_OBJC_MSGSEND = YES;
				ENABLE_TESTABILITY = YES;
				GCC_C_LANGUAGE_STANDARD = gnu11;
				GCC_DYNAMIC_NO_PIC = NO;
				GCC_NO_COMMON_BLOCKS = YES;
				GCC_OPTIMIZATION_LEVEL = 0;
				GCC_PREPROCESSOR_DEFINITIONS = (
					"DEBUG=1",
					"$(inherited)",
				);
				GCC_WARN_64_TO_32_BIT_CONVERSION = YES;
				GCC_WARN_ABOUT_RETURN_TYPE = YES_ERROR;
				GCC_WARN_UNDECLARED_SELECTOR = YES;
				GCC_WARN_UNINITIALIZED_AUTOS = YES_AGGRESSIVE;
				GCC_WARN_UNUSED_FUNCTION = YES;
				GCC_WARN_UNUSED_VARIABLE = YES;
				IPHONEOS_DEPLOYMENT_TARGET = 13.2;
				MTL_ENABLE_DEBUG_INFO = INCLUDE_SOURCE;
				MTL_FAST_MATH = YES;
				ONLY_ACTIVE_ARCH = YES;
				SDKROOT = iphoneos;
				SWIFT_ACTIVE_COMPILATION_CONDITIONS = DEBUG;
				SWIFT_OPTIMIZATION_LEVEL = "-Onone";
			};
			name = Debug;
		};
		E533072E23D6453600E9F49F /* Release */ = {
			isa = XCBuildConfiguration;
			buildSettings = {
				ALWAYS_SEARCH_USER_PATHS = NO;
				CLANG_ANALYZER_NONNULL = YES;
				CLANG_ANALYZER_NUMBER_OBJECT_CONVERSION = YES_AGGRESSIVE;
				CLANG_CXX_LANGUAGE_STANDARD = "gnu++14";
				CLANG_CXX_LIBRARY = "libc++";
				CLANG_ENABLE_MODULES = YES;
				CLANG_ENABLE_OBJC_ARC = YES;
				CLANG_ENABLE_OBJC_WEAK = YES;
				CLANG_WARN_BLOCK_CAPTURE_AUTORELEASING = YES;
				CLANG_WARN_BOOL_CONVERSION = YES;
				CLANG_WARN_COMMA = YES;
				CLANG_WARN_CONSTANT_CONVERSION = YES;
				CLANG_WARN_DEPRECATED_OBJC_IMPLEMENTATIONS = YES;
				CLANG_WARN_DIRECT_OBJC_ISA_USAGE = YES_ERROR;
				CLANG_WARN_DOCUMENTATION_COMMENTS = YES;
				CLANG_WARN_EMPTY_BODY = YES;
				CLANG_WARN_ENUM_CONVERSION = YES;
				CLANG_WARN_INFINITE_RECURSION = YES;
				CLANG_WARN_INT_CONVERSION = YES;
				CLANG_WARN_NON_LITERAL_NULL_CONVERSION = YES;
				CLANG_WARN_OBJC_IMPLICIT_RETAIN_SELF = YES;
				CLANG_WARN_OBJC_LITERAL_CONVERSION = YES;
				CLANG_WARN_OBJC_ROOT_CLASS = YES_ERROR;
				CLANG_WARN_RANGE_LOOP_ANALYSIS = YES;
				CLANG_WARN_STRICT_PROTOTYPES = YES;
				CLANG_WARN_SUSPICIOUS_MOVE = YES;
				CLANG_WARN_UNGUARDED_AVAILABILITY = YES_AGGRESSIVE;
				CLANG_WARN_UNREACHABLE_CODE = YES;
				CLANG_WARN__DUPLICATE_METHOD_MATCH = YES;
				COPY_PHASE_STRIP = NO;
				DEBUG_INFORMATION_FORMAT = "dwarf-with-dsym";
				ENABLE_NS_ASSERTIONS = NO;
				ENABLE_STRICT_OBJC_MSGSEND = YES;
				GCC_C_LANGUAGE_STANDARD = gnu11;
				GCC_NO_COMMON_BLOCKS = YES;
				GCC_WARN_64_TO_32_BIT_CONVERSION = YES;
				GCC_WARN_ABOUT_RETURN_TYPE = YES_ERROR;
				GCC_WARN_UNDECLARED_SELECTOR = YES;
				GCC_WARN_UNINITIALIZED_AUTOS = YES_AGGRESSIVE;
				GCC_WARN_UNUSED_FUNCTION = YES;
				GCC_WARN_UNUSED_VARIABLE = YES;
				IPHONEOS_DEPLOYMENT_TARGET = 13.2;
				MTL_ENABLE_DEBUG_INFO = NO;
				MTL_FAST_MATH = YES;
				SDKROOT = iphoneos;
				SWIFT_COMPILATION_MODE = wholemodule;
				SWIFT_OPTIMIZATION_LEVEL = "-O";
				VALIDATE_PRODUCT = YES;
			};
			name = Release;
		};
		E533073023D6453600E9F49F /* Debug */ = {
			isa = XCBuildConfiguration;
			baseConfigurationReference = 41E93A34FA2D484D4BDB9A8C /* Pods-GitHubSampleProject.debug.xcconfig */;
			buildSettings = {
				ASSETCATALOG_COMPILER_APPICON_NAME = AppIcon;
				CODE_SIGN_STYLE = Automatic;
				DEVELOPMENT_TEAM = V5VQYUUC2D;
				INFOPLIST_FILE = GitHubSampleProject/Info.plist;
				LD_RUNPATH_SEARCH_PATHS = (
					"$(inherited)",
					"@executable_path/Frameworks",
				);
				PRODUCT_BUNDLE_IDENTIFIER = com.Alnajjar.GitHubSampleProject;
				PRODUCT_NAME = "$(TARGET_NAME)";
				SWIFT_VERSION = 5.0;
				TARGETED_DEVICE_FAMILY = "1,2";
			};
			name = Debug;
		};
		E533073123D6453600E9F49F /* Release */ = {
			isa = XCBuildConfiguration;
			baseConfigurationReference = 1919E50F81CB307E1733F6C1 /* Pods-GitHubSampleProject.release.xcconfig */;
			buildSettings = {
				ASSETCATALOG_COMPILER_APPICON_NAME = AppIcon;
				CODE_SIGN_STYLE = Automatic;
				DEVELOPMENT_TEAM = V5VQYUUC2D;
				INFOPLIST_FILE = GitHubSampleProject/Info.plist;
				LD_RUNPATH_SEARCH_PATHS = (
					"$(inherited)",
					"@executable_path/Frameworks",
				);
				PRODUCT_BUNDLE_IDENTIFIER = com.Alnajjar.GitHubSampleProject;
				PRODUCT_NAME = "$(TARGET_NAME)";
				SWIFT_VERSION = 5.0;
				TARGETED_DEVICE_FAMILY = "1,2";
			};
			name = Release;
		};
		E533073323D6453600E9F49F /* Debug */ = {
			isa = XCBuildConfiguration;
			baseConfigurationReference = E94014A4EA80F9BBFE5FB73E /* Pods-GitHubSampleProjectTests.debug.xcconfig */;
			buildSettings = {
				ALWAYS_EMBED_SWIFT_STANDARD_LIBRARIES = YES;
				BUNDLE_LOADER = "$(TEST_HOST)";
				CODE_SIGN_STYLE = Automatic;
				DEVELOPMENT_TEAM = V5VQYUUC2D;
				INFOPLIST_FILE = GitHubSampleProjectTests/Info.plist;
				IPHONEOS_DEPLOYMENT_TARGET = 13.2;
				LD_RUNPATH_SEARCH_PATHS = (
					"$(inherited)",
					"@executable_path/Frameworks",
					"@loader_path/Frameworks",
				);
				PRODUCT_BUNDLE_IDENTIFIER = Alnajjar.GitHubSampleProjectTests;
				PRODUCT_NAME = "$(TARGET_NAME)";
				SWIFT_VERSION = 5.0;
				TARGETED_DEVICE_FAMILY = "1,2";
				TEST_HOST = "$(BUILT_PRODUCTS_DIR)/GitHubSampleProject.app/GitHubSampleProject";
			};
			name = Debug;
		};
		E533073423D6453600E9F49F /* Release */ = {
			isa = XCBuildConfiguration;
			baseConfigurationReference = 63BF21036D44DCD0FE7B315B /* Pods-GitHubSampleProjectTests.release.xcconfig */;
			buildSettings = {
				ALWAYS_EMBED_SWIFT_STANDARD_LIBRARIES = YES;
				BUNDLE_LOADER = "$(TEST_HOST)";
				CODE_SIGN_STYLE = Automatic;
				DEVELOPMENT_TEAM = V5VQYUUC2D;
				INFOPLIST_FILE = GitHubSampleProjectTests/Info.plist;
				IPHONEOS_DEPLOYMENT_TARGET = 13.2;
				LD_RUNPATH_SEARCH_PATHS = (
					"$(inherited)",
					"@executable_path/Frameworks",
					"@loader_path/Frameworks",
				);
				PRODUCT_BUNDLE_IDENTIFIER = Alnajjar.GitHubSampleProjectTests;
				PRODUCT_NAME = "$(TARGET_NAME)";
				SWIFT_VERSION = 5.0;
				TARGETED_DEVICE_FAMILY = "1,2";
				TEST_HOST = "$(BUILT_PRODUCTS_DIR)/GitHubSampleProject.app/GitHubSampleProject";
			};
			name = Release;
		};
		E533073623D6453600E9F49F /* Debug */ = {
			isa = XCBuildConfiguration;
			baseConfigurationReference = 136C2DB706E1BBA7751F9107 /* Pods-GitHubSampleProject-GitHubSampleProjectUITests.debug.xcconfig */;
			buildSettings = {
				ALWAYS_EMBED_SWIFT_STANDARD_LIBRARIES = YES;
				CODE_SIGN_STYLE = Automatic;
				DEVELOPMENT_TEAM = V5VQYUUC2D;
				INFOPLIST_FILE = GitHubSampleProjectUITests/Info.plist;
				LD_RUNPATH_SEARCH_PATHS = (
					"$(inherited)",
					"@executable_path/Frameworks",
					"@loader_path/Frameworks",
				);
				PRODUCT_BUNDLE_IDENTIFIER = Alnajjar.GitHubSampleProjectUITests;
				PRODUCT_NAME = "$(TARGET_NAME)";
				SWIFT_VERSION = 5.0;
				TARGETED_DEVICE_FAMILY = "1,2";
				TEST_TARGET_NAME = GitHubSampleProject;
			};
			name = Debug;
		};
		E533073723D6453600E9F49F /* Release */ = {
			isa = XCBuildConfiguration;
			baseConfigurationReference = C50716897C89237234E09F70 /* Pods-GitHubSampleProject-GitHubSampleProjectUITests.release.xcconfig */;
			buildSettings = {
				ALWAYS_EMBED_SWIFT_STANDARD_LIBRARIES = YES;
				CODE_SIGN_STYLE = Automatic;
				DEVELOPMENT_TEAM = V5VQYUUC2D;
				INFOPLIST_FILE = GitHubSampleProjectUITests/Info.plist;
				LD_RUNPATH_SEARCH_PATHS = (
					"$(inherited)",
					"@executable_path/Frameworks",
					"@loader_path/Frameworks",
				);
				PRODUCT_BUNDLE_IDENTIFIER = Alnajjar.GitHubSampleProjectUITests;
				PRODUCT_NAME = "$(TARGET_NAME)";
				SWIFT_VERSION = 5.0;
				TARGETED_DEVICE_FAMILY = "1,2";
				TEST_TARGET_NAME = GitHubSampleProject;
			};
			name = Release;
		};
/* End XCBuildConfiguration section */

/* Begin XCConfigurationList section */
		E533070023D6453400E9F49F /* Build configuration list for PBXProject "GitHubSampleProject" */ = {
			isa = XCConfigurationList;
			buildConfigurations = (
				E533072D23D6453600E9F49F /* Debug */,
				E533072E23D6453600E9F49F /* Release */,
			);
			defaultConfigurationIsVisible = 0;
			defaultConfigurationName = Release;
		};
		E533072F23D6453600E9F49F /* Build configuration list for PBXNativeTarget "GitHubSampleProject" */ = {
			isa = XCConfigurationList;
			buildConfigurations = (
				E533073023D6453600E9F49F /* Debug */,
				E533073123D6453600E9F49F /* Release */,
			);
			defaultConfigurationIsVisible = 0;
			defaultConfigurationName = Release;
		};
		E533073223D6453600E9F49F /* Build configuration list for PBXNativeTarget "GitHubSampleProjectTests" */ = {
			isa = XCConfigurationList;
			buildConfigurations = (
				E533073323D6453600E9F49F /* Debug */,
				E533073423D6453600E9F49F /* Release */,
			);
			defaultConfigurationIsVisible = 0;
			defaultConfigurationName = Release;
		};
		E533073523D6453600E9F49F /* Build configuration list for PBXNativeTarget "GitHubSampleProjectUITests" */ = {
			isa = XCConfigurationList;
			buildConfigurations = (
				E533073623D6453600E9F49F /* Debug */,
				E533073723D6453600E9F49F /* Release */,
			);
			defaultConfigurationIsVisible = 0;
			defaultConfigurationName = Release;
		};
/* End XCConfigurationList section */
	};
	rootObject = E53306FD23D6453400E9F49F /* Project object */;
}
