PODS:
  - OAuthSwift (2.1.0)
  - Realm (4.3.1):
    - Realm/Headers (= 4.3.1)
  - Realm/Headers (4.3.1)
  - RealmSwift (4.3.1):
    - Realm (= 4.3.1)
  - SDWebImage (5.5.1):
    - SDWebImage/Core (= 5.5.1)
  - SDWebImage/Core (5.5.1)

DEPENDENCIES:
  - OAuthSwift
  - RealmSwift
  - SDWebImage

SPEC REPOS:
  trunk:
    - OAuthSwift
    - Realm
    - RealmSwift
    - SDWebImage

SPEC CHECKSUMS:
  OAuthSwift: ab1675598273e04355e0282459c328e65c9ddacd
  Realm: 31dc40934081ef740f60feedc46d88473cbfeb40
  RealmSwift: b5199e9a41f67b99f51acf6874a6166f5fbe93d1
  SDWebImage: 1245d058b7b8f59adef7a6da6bbafd4f1ab67041

PODFILE CHECKSUM: c3894399953671a4999cedf3c99f56b483ab9aba

COCOAPODS: 1.8.4
